
Microsoft Visual Studio Solution File, Format Version 12.00
# Visual Studio 2017
Project("{FAE04EC0-301F-11D3-BF4B-00C04F79EFBC}") = "Pract-ear", "Pract-ear.csproj", "{CC465C1F-D415-AC47-3659-FCC18C47B07C}"
EndProject
Project("{FAE04EC0-301F-11D3-BF4B-00C04F79EFBC}") = "Pract-ear.Plugins", "Pract-ear.Plugins.csproj", "{8B5DEDE9-9B67-8E94-7D5E-1CC416D9DFD3}"
EndProject
Global
	GlobalSection(SolutionConfigurationPlatforms) = preSolution
		Debug|Any CPU = Debug|Any CPU
		Release|Any CPU = Release|Any CPU
	EndGlobalSection
	GlobalSection(ProjectConfigurationPlatforms) = postSolution
		{CC465C1F-D415-AC47-3659-FCC18C47B07C}.Debug|Any CPU.ActiveCfg = Debug|Any CPU
		{CC465C1F-D415-AC47-3659-FCC18C47B07C}.Debug|Any CPU.Build.0 = Debug|Any CPU
		{CC465C1F-D415-AC47-3659-FCC18C47B07C}.Release|Any CPU.ActiveCfg = Release|Any CPU
		{CC465C1F-D415-AC47-3659-FCC18C47B07C}.Release|Any CPU.Build.0 = Release|Any CPU
		{8B5DEDE9-9B67-8E94-7D5E-1CC416D9DFD3}.Debug|Any CPU.ActiveCfg = Debug|Any CPU
		{8B5DEDE9-9B67-8E94-7D5E-1CC416D9DFD3}.Debug|Any CPU.Build.0 = Debug|Any CPU
		{8B5DEDE9-9B67-8E94-7D5E-1CC416D9DFD3}.Release|Any CPU.ActiveCfg = Release|Any CPU
		{8B5DEDE9-9B67-8E94-7D5E-1CC416D9DFD3}.Release|Any CPU.Build.0 = Release|Any CPU
	EndGlobalSection
	GlobalSection(SolutionProperties) = preSolution
		HideSolutionNode = FALSE
	EndGlobalSection
EndGlobal
