Microsoft Visual Studio Solution File, Format Version 11.00
# Visual Studio 2008

Project("{691822F4-E2DC-19EE-467B-1D5573CD3986}") = "Pract-ear", "Assembly-CSharp.csproj", "{2AA4FC46-D9FD-31FE-C24D-4353B2071746}"
EndProject
Global
	GlobalSection(SolutionConfigurationPlatforms) = preSolution
		Debug|Any CPU = Debug|Any CPU
		Release|Any CPU = Release|Any CPU
	EndGlobalSection
	GlobalSection(ProjectConfigurationPlatforms) = postSolution
		{2AA4FC46-D9FD-31FE-C24D-4353B2071746}.Debug|Any CPU.ActiveCfg = Debug|Any CPU
		{2AA4FC46-D9FD-31FE-C24D-4353B2071746}.Debug|Any CPU.Build.0 = Debug|Any CPU
		{2AA4FC46-D9FD-31FE-C24D-4353B2071746}.Release|Any CPU.ActiveCfg = Release|Any CPU
		{2AA4FC46-D9FD-31FE-C24D-4353B2071746}.Release|Any CPU.Build.0 = Release|Any CPU
	EndGlobalSection
	GlobalSection(SolutionProperties) = preSolution
		HideSolutionNode = FALSE
	EndGlobalSection
	GlobalSection(MonoDevelopProperties) = preSolution
		StartupItem = Assembly-CSharp.csproj
	EndGlobalSection
EndGlobal
